// !$*UTF8*$!
{
	archiveVersion = 1;
	classes = {
	};
	objectVersion = 50;
	objects = {

/* Begin PBXBuildFile section */
		570D042A21D75C5900E0DCFB /* ViewController.swift in Sources */ = {isa = PBXBuildFile; fileRef = 570D042621D75C5900E0DCFB /* ViewController.swift */; };
		570D042B21D75C5900E0DCFB /* AppDelegate.swift in Sources */ = {isa = PBXBuildFile; fileRef = 570D042721D75C5900E0DCFB /* AppDelegate.swift */; };
		570D043D21D773B800E0DCFB /* Assets.xcassets in Resources */ = {isa = PBXBuildFile; fileRef = 570D043821D773B800E0DCFB /* Assets.xcassets */; };
		570D043E21D773B800E0DCFB /* LaunchScreen.storyboard in Resources */ = {isa = PBXBuildFile; fileRef = 570D043921D773B800E0DCFB /* LaunchScreen.storyboard */; };
		570D043F21D773B800E0DCFB /* Main.storyboard in Resources */ = {isa = PBXBuildFile; fileRef = 570D043B21D773B800E0DCFB /* Main.storyboard */; };
		AACFB39BB6AE2823B1C1D9E1 /* Pods_RxMVVMDemo.framework in Frameworks */ = {isa = PBXBuildFile; fileRef = EBB2729BECFC21C9FB98F237 /* Pods_RxMVVMDemo.framework */; };
/* End PBXBuildFile section */

/* Begin PBXFileReference section */
		2EA283D635D3FF6E623D7121 /* Pods-RxMVVMDemo.debug.xcconfig */ = {isa = PBXFileReference; includeInIndex = 1; lastKnownFileType = text.xcconfig; name = "Pods-RxMVVMDemo.debug.xcconfig"; path = "Pods/Target Support Files/Pods-RxMVVMDemo/Pods-RxMVVMDemo.debug.xcconfig"; sourceTree = "<group>"; };
		3C1AB7088E8C34C1A2C6AFA9 /* Pods-RxMVVMDemo.release.xcconfig */ = {isa = PBXFileReference; includeInIndex = 1; lastKnownFileType = text.xcconfig; name = "Pods-RxMVVMDemo.release.xcconfig"; path = "Pods/Target Support Files/Pods-RxMVVMDemo/Pods-RxMVVMDemo.release.xcconfig"; sourceTree = "<group>"; };
		570D040F21D75B6900E0DCFB /* RxMVVMDemo.app */ = {isa = PBXFileReference; explicitFileType = wrapper.application; includeInIndex = 0; path = RxMVVMDemo.app; sourceTree = BUILT_PRODUCTS_DIR; };
		570D042621D75C5900E0DCFB /* ViewController.swift */ = {isa = PBXFileReference; fileEncoding = 4; lastKnownFileType = sourcecode.swift; path = ViewController.swift; sourceTree = "<group>"; };
		570D042721D75C5900E0DCFB /* AppDelegate.swift */ = {isa = PBXFileReference; fileEncoding = 4; lastKnownFileType = sourcecode.swift; path = AppDelegate.swift; sourceTree = "<group>"; };
		570D043621D75F6500E0DCFB /* Info.plist */ = {isa = PBXFileReference; lastKnownFileType = text.plist.xml; path = Info.plist; sourceTree = "<group>"; };
		570D043821D773B800E0DCFB /* Assets.xcassets */ = {isa = PBXFileReference; lastKnownFileType = folder.assetcatalog; path = Assets.xcassets; sourceTree = "<group>"; };
		570D043A21D773B800E0DCFB /* Base */ = {isa = PBXFileReference; lastKnownFileType = file.storyboard; name = Base; path = Base.lproj/LaunchScreen.storyboard; sourceTree = "<group>"; };
		570D043C21D773B800E0DCFB /* Base */ = {isa = PBXFileReference; lastKnownFileType = file.storyboard; name = Base; path = Base.lproj/Main.storyboard; sourceTree = "<group>"; };
		EBB2729BECFC21C9FB98F237 /* Pods_RxMVVMDemo.framework */ = {isa = PBXFileReference; explicitFileType = wrapper.framework; includeInIndex = 0; path = Pods_RxMVVMDemo.framework; sourceTree = BUILT_PRODUCTS_DIR; };
/* End PBXFileReference section */

/* Begin PBXFrameworksBuildPhase section */
		570D040C21D75B6900E0DCFB /* Frameworks */ = {
			isa = PBXFrameworksBuildPhase;
			buildActionMask = 2147483647;
			files = (
				AACFB39BB6AE2823B1C1D9E1 /* Pods_RxMVVMDemo.framework in Frameworks */,
			);
			runOnlyForDeploymentPostprocessing = 0;
		};
/* End PBXFrameworksBuildPhase section */

/* Begin PBXGroup section */
		34573DA1E43B6957CB7AFF24 /* Pods */ = {
			isa = PBXGroup;
			children = (
				2EA283D635D3FF6E623D7121 /* Pods-RxMVVMDemo.debug.xcconfig */,
				3C1AB7088E8C34C1A2C6AFA9 /* Pods-RxMVVMDemo.release.xcconfig */,
			);
			name = Pods;
			sourceTree = "<group>";
		};
		570D040621D75B6900E0DCFB = {
			isa = PBXGroup;
			children = (
				570D042421D75C5900E0DCFB /* Sources */,
				570D043621D75F6500E0DCFB /* Info.plist */,
				570D041021D75B6900E0DCFB /* Products */,
				34573DA1E43B6957CB7AFF24 /* Pods */,
				E96682BB209158C1818F878C /* Frameworks */,
			);
			sourceTree = "<group>";
		};
		570D041021D75B6900E0DCFB /* Products */ = {
			isa = PBXGroup;
			children = (
				570D040F21D75B6900E0DCFB /* RxMVVMDemo.app */,
			);
			name = Products;
			sourceTree = "<group>";
		};
		570D042421D75C5900E0DCFB /* Sources */ = {
			isa = PBXGroup;
			children = (
				570D042821D75C5900E0DCFB /* Services */,
				570D042521D75C5900E0DCFB /* UI */,
				570D043721D773B800E0DCFB /* Resources */,
				570D042721D75C5900E0DCFB /* AppDelegate.swift */,
			);
			path = Sources;
			sourceTree = "<group>";
		};
		570D042521D75C5900E0DCFB /* UI */ = {
			isa = PBXGroup;
			children = (
				570D042621D75C5900E0DCFB /* ViewController.swift */,
			);
			path = UI;
			sourceTree = "<group>";
		};
		570D042821D75C5900E0DCFB /* Services */ = {
			isa = PBXGroup;
			children = (
				570D042921D75C5900E0DCFB /* FeedsList */,
			);
			path = Services;
			sourceTree = "<group>";
		};
		570D042921D75C5900E0DCFB /* FeedsList */ = {
			isa = PBXGroup;
			children = (
			);
			path = FeedsList;
			sourceTree = "<group>";
		};
		570D043721D773B800E0DCFB /* Resources */ = {
			isa = PBXGroup;
			children = (
				570D043821D773B800E0DCFB /* Assets.xcassets */,
				570D043921D773B800E0DCFB /* LaunchScreen.storyboard */,
				570D043B21D773B800E0DCFB /* Main.storyboard */,
			);
			path = Resources;
			sourceTree = SOURCE_ROOT;
		};
		E96682BB209158C1818F878C /* Frameworks */ = {
			isa = PBXGroup;
			children = (
				EBB2729BECFC21C9FB98F237 /* Pods_RxMVVMDemo.framework */,
			);
			name = Frameworks;
			sourceTree = "<group>";
		};
/* End PBXGroup section */

/* Begin PBXNativeTarget section */
		570D040E21D75B6900E0DCFB /* RxMVVMDemo */ = {
			isa = PBXNativeTarget;
			buildConfigurationList = 570D042121D75B6C00E0DCFB /* Build configuration list for PBXNativeTarget "RxMVVMDemo" */;
			buildPhases = (
				E88828E06C1FB543ACDB524A /* [CP] Check Pods Manifest.lock */,
				570D040B21D75B6900E0DCFB /* Sources */,
				570D040C21D75B6900E0DCFB /* Frameworks */,
				570D040D21D75B6900E0DCFB /* Resources */,
				B4A39EE793D808050117E9A5 /* [CP] Embed Pods Frameworks */,
			);
			buildRules = (
			);
			dependencies = (
			);
			name = RxMVVMDemo;
			productName = RxMVVMDemo;
			productReference = 570D040F21D75B6900E0DCFB /* RxMVVMDemo.app */;
			productType = "com.apple.product-type.application";
		};
/* End PBXNativeTarget section */

/* Begin PBXProject section */
		570D040721D75B6900E0DCFB /* Project object */ = {
			isa = PBXProject;
			attributes = {
				LastSwiftUpdateCheck = 1010;
				LastUpgradeCheck = 1010;
				ORGANIZATIONNAME = Victor;
				TargetAttributes = {
					570D040E21D75B6900E0DCFB = {
						CreatedOnToolsVersion = 10.1;
					};
				};
			};
			buildConfigurationList = 570D040A21D75B6900E0DCFB /* Build configuration list for PBXProject "RxMVVMDemo" */;
			compatibilityVersion = "Xcode 9.3";
			developmentRegion = en;
			hasScannedForEncodings = 0;
			knownRegions = (
				en,
				Base,
			);
			mainGroup = 570D040621D75B6900E0DCFB;
			productRefGroup = 570D041021D75B6900E0DCFB /* Products */;
			projectDirPath = "";
			projectRoot = "";
			targets = (
				570D040E21D75B6900E0DCFB /* RxMVVMDemo */,
			);
		};
/* End PBXProject section */

/* Begin PBXResourcesBuildPhase section */
		570D040D21D75B6900E0DCFB /* Resources */ = {
			isa = PBXResourcesBuildPhase;
			buildActionMask = 2147483647;
			files = (
				570D043F21D773B800E0DCFB /* Main.storyboard in Resources */,
				570D043D21D773B800E0DCFB /* Assets.xcassets in Resources */,
				570D043E21D773B800E0DCFB /* LaunchScreen.storyboard in Resources */,
			);
			runOnlyForDeploymentPostprocessing = 0;
		};
/* End PBXResourcesBuildPhase section */

/* Begin PBXShellScriptBuildPhase section */
		B4A39EE793D808050117E9A5 /* [CP] Embed Pods Frameworks */ = {
			isa = PBXShellScriptBuildPhase;
			buildActionMask = 2147483647;
			files = (
			);
			inputPaths = (
				"${SRCROOT}/Pods/Target Support Files/Pods-RxMVVMDemo/Pods-RxMVVMDemo-frameworks.sh",
				"${BUILT_PRODUCTS_DIR}/Alamofire/Alamofire.framework",
				"${BUILT_PRODUCTS_DIR}/Realm/Realm.framework",
				"${BUILT_PRODUCTS_DIR}/RealmSwift/RealmSwift.framework",
				"${BUILT_PRODUCTS_DIR}/RxAlamofire/RxAlamofire.framework",
				"${BUILT_PRODUCTS_DIR}/RxRealm/RxRealm.framework",
				"${BUILT_PRODUCTS_DIR}/RxSwift/RxSwift.framework",
			);
			name = "[CP] Embed Pods Frameworks";
			outputPaths = (
				"${TARGET_BUILD_DIR}/${FRAMEWORKS_FOLDER_PATH}/Alamofire.framework",
				"${TARGET_BUILD_DIR}/${FRAMEWORKS_FOLDER_PATH}/Realm.framework",
				"${TARGET_BUILD_DIR}/${FRAMEWORKS_FOLDER_PATH}/RealmSwift.framework",
				"${TARGET_BUILD_DIR}/${FRAMEWORKS_FOLDER_PATH}/RxAlamofire.framework",
				"${TARGET_BUILD_DIR}/${FRAMEWORKS_FOLDER_PATH}/RxRealm.framework",
				"${TARGET_BUILD_DIR}/${FRAMEWORKS_FOLDER_PATH}/RxSwift.framework",
			);
			runOnlyForDeploymentPostprocessing = 0;
			shellPath = /bin/sh;
			shellScript = "\"${SRCROOT}/Pods/Target Support Files/Pods-RxMVVMDemo/Pods-RxMVVMDemo-frameworks.sh\"\n";
			showEnvVarsInLog = 0;
		};
		E88828E06C1FB543ACDB524A /* [CP] Check Pods Manifest.lock */ = {
			isa = PBXShellScriptBuildPhase;
			buildActionMask = 2147483647;
			files = (
			);
			inputPaths = (
				"${PODS_PODFILE_DIR_PATH}/Podfile.lock",
				"${PODS_ROOT}/Manifest.lock",
			);
			name = "[CP] Check Pods Manifest.lock";
			outputPaths = (
				"$(DERIVED_FILE_DIR)/Pods-RxMVVMDemo-checkManifestLockResult.txt",
			);
			runOnlyForDeploymentPostprocessing = 0;
			shellPath = /bin/sh;
			shellScript = "diff \"${PODS_PODFILE_DIR_PATH}/Podfile.lock\" \"${PODS_ROOT}/Manifest.lock\" > /dev/null\nif [ $? != 0 ] ; then\n    # print error to STDERR\n    echo \"error: The sandbox is not in sync with the Podfile.lock. Run 'pod install' or update your CocoaPods installation.\" >&2\n    exit 1\nfi\n# This output is used by Xcode 'outputs' to avoid re-running this script phase.\necho \"SUCCESS\" > \"${SCRIPT_OUTPUT_FILE_0}\"\n";
			showEnvVarsInLog = 0;
		};
/* End PBXShellScriptBuildPhase section */

/* Begin PBXSourcesBuildPhase section */
		570D040B21D75B6900E0DCFB /* Sources */ = {
			isa = PBXSourcesBuildPhase;
			buildActionMask = 2147483647;
			files = (
				570D042B21D75C5900E0DCFB /* AppDelegate.swift in Sources */,
				570D042A21D75C5900E0DCFB /* ViewController.swift in Sources */,
			);
			runOnlyForDeploymentPostprocessing = 0;
		};
/* End PBXSourcesBuildPhase section */

/* Begin PBXVariantGroup section */
		570D043921D773B800E0DCFB /* LaunchScreen.storyboard */ = {
			isa = PBXVariantGroup;
			children = (
				570D043A21D773B800E0DCFB /* Base */,
			);
			name = LaunchScreen.storyboard;
			sourceTree = "<group>";
		};
		570D043B21D773B800E0DCFB /* Main.storyboard */ = {
			isa = PBXVariantGroup;
			children = (
				570D043C21D773B800E0DCFB /* Base */,
			);
			name = Main.storyboard;
			sourceTree = "<group>";
		};
/* End PBXVariantGroup section */

/* Begin XCBuildConfiguration section */
		570D041F21D75B6C00E0DCFB /* Debug */ = {
			isa = XCBuildConfiguration;
			buildSettings = {
				ALWAYS_SEARCH_USER_PATHS = NO;
				CLANG_ANALYZER_NONNULL = YES;
				CLANG_ANALYZER_NUMBER_OBJECT_CONVERSION = YES_AGGRESSIVE;
				CLANG_CXX_LANGUAGE_STANDARD = "gnu++14";
				CLANG_CXX_LIBRARY = "libc++";
				CLANG_ENABLE_MODULES = YES;
				CLANG_ENABLE_OBJC_ARC = YES;
				CLANG_ENABLE_OBJC_WEAK = YES;
				CLANG_WARN_BLOCK_CAPTURE_AUTORELEASING = YES;
				CLANG_WARN_BOOL_CONVERSION = YES;
				CLANG_WARN_COMMA = YES;
				CLANG_WARN_CONSTANT_CONVERSION = YES;
				CLANG_WARN_DEPRECATED_OBJC_IMPLEMENTATIONS = YES;
				CLANG_WARN_DIRECT_OBJC_ISA_USAGE = YES_ERROR;
				CLANG_WARN_DOCUMENTATION_COMMENTS = YES;
				CLANG_WARN_EMPTY_BODY = YES;
				CLANG_WARN_ENUM_CONVERSION = YES;
				CLANG_WARN_INFINITE_RECURSION = YES;
				CLANG_WARN_INT_CONVERSION = YES;
				CLANG_WARN_NON_LITERAL_NULL_CONVERSION = YES;
				CLANG_WARN_OBJC_IMPLICIT_RETAIN_SELF = YES;
				CLANG_WARN_OBJC_LITERAL_CONVERSION = YES;
				CLANG_WARN_OBJC_ROOT_CLASS = YES_ERROR;
				CLANG_WARN_RANGE_LOOP_ANALYSIS = YES;
				CLANG_WARN_STRICT_PROTOTYPES = YES;
				CLANG_WARN_SUSPICIOUS_MOVE = YES;
				CLANG_WARN_UNGUARDED_AVAILABILITY = YES_AGGRESSIVE;
				CLANG_WARN_UNREACHABLE_CODE = YES;
				CLANG_WARN__DUPLICATE_METHOD_MATCH = YES;
				CODE_SIGN_IDENTITY = "iPhone Developer";
				COPY_PHASE_STRIP = NO;
				DEBUG_INFORMATION_FORMAT = dwarf;
				ENABLE_STRICT_OBJC_MSGSEND = YES;
				ENABLE_TESTABILITY = YES;
				GCC_C_LANGUAGE_STANDARD = gnu11;
				GCC_DYNAMIC_NO_PIC = NO;
				GCC_NO_COMMON_BLOCKS = YES;
				GCC_OPTIMIZATION_LEVEL = 0;
				GCC_PREPROCESSOR_DEFINITIONS = (
					"DEBUG=1",
					"$(inherited)",
				);
				GCC_WARN_64_TO_32_BIT_CONVERSION = YES;
				GCC_WARN_ABOUT_RETURN_TYPE = YES_ERROR;
				GCC_WARN_UNDECLARED_SELECTOR = YES;
				GCC_WARN_UNINITIALIZED_AUTOS = YES_AGGRESSIVE;
				GCC_WARN_UNUSED_FUNCTION = YES;
				GCC_WARN_UNUSED_VARIABLE = YES;
				IPHONEOS_DEPLOYMENT_TARGET = 11.0;
				MTL_ENABLE_DEBUG_INFO = INCLUDE_SOURCE;
				MTL_FAST_MATH = YES;
				ONLY_ACTIVE_ARCH = YES;
				SDKROOT = iphoneos;
				SWIFT_ACTIVE_COMPILATION_CONDITIONS = DEBUG;
				SWIFT_OPTIMIZATION_LEVEL = "-Onone";
			};
			name = Debug;
		};
		570D042021D75B6C00E0DCFB /* Release */ = {
			isa = XCBuildConfiguration;
			buildSettings = {
				ALWAYS_SEARCH_USER_PATHS = NO;
				CLANG_ANALYZER_NONNULL = YES;
				CLANG_ANALYZER_NUMBER_OBJECT_CONVERSION = YES_AGGRESSIVE;
				CLANG_CXX_LANGUAGE_STANDARD = "gnu++14";
				CLANG_CXX_LIBRARY = "libc++";
				CLANG_ENABLE_MODULES = YES;
				CLANG_ENABLE_OBJC_ARC = YES;
				CLANG_ENABLE_OBJC_WEAK = YES;
				CLANG_WARN_BLOCK_CAPTURE_AUTORELEASING = YES;
				CLANG_WARN_BOOL_CONVERSION = YES;
				CLANG_WARN_COMMA = YES;
				CLANG_WARN_CONSTANT_CONVERSION = YES;
				CLANG_WARN_DEPRECATED_OBJC_IMPLEMENTATIONS = YES;
				CLANG_WARN_DIRECT_OBJC_ISA_USAGE = YES_ERROR;
				CLANG_WARN_DOCUMENTATION_COMMENTS = YES;
				CLANG_WARN_EMPTY_BODY = YES;
				CLANG_WARN_ENUM_CONVERSION = YES;
				CLANG_WARN_INFINITE_RECURSION = YES;
				CLANG_WARN_INT_CONVERSION = YES;
				CLANG_WARN_NON_LITERAL_NULL_CONVERSION = YES;
				CLANG_WARN_OBJC_IMPLICIT_RETAIN_SELF = YES;
				CLANG_WARN_OBJC_LITERAL_CONVERSION = YES;
				CLANG_WARN_OBJC_ROOT_CLASS = YES_ERROR;
				CLANG_WARN_RANGE_LOOP_ANALYSIS = YES;
				CLANG_WARN_STRICT_PROTOTYPES = YES;
				CLANG_WARN_SUSPICIOUS_MOVE = YES;
				CLANG_WARN_UNGUARDED_AVAILABILITY = YES_AGGRESSIVE;
				CLANG_WARN_UNREACHABLE_CODE = YES;
				CLANG_WARN__DUPLICATE_METHOD_MATCH = YES;
				CODE_SIGN_IDENTITY = "iPhone Developer";
				COPY_PHASE_STRIP = NO;
				DEBUG_INFORMATION_FORMAT = "dwarf-with-dsym";
				ENABLE_NS_ASSERTIONS = NO;
				ENABLE_STRICT_OBJC_MSGSEND = YES;
				GCC_C_LANGUAGE_STANDARD = gnu11;
				GCC_NO_COMMON_BLOCKS = YES;
				GCC_WARN_64_TO_32_BIT_CONVERSION = YES;
				GCC_WARN_ABOUT_RETURN_TYPE = YES_ERROR;
				GCC_WARN_UNDECLARED_SELECTOR = YES;
				GCC_WARN_UNINITIALIZED_AUTOS = YES_AGGRESSIVE;
				GCC_WARN_UNUSED_FUNCTION = YES;
				GCC_WARN_UNUSED_VARIABLE = YES;
				IPHONEOS_DEPLOYMENT_TARGET = 11.0;
				MTL_ENABLE_DEBUG_INFO = NO;
				MTL_FAST_MATH = YES;
				SDKROOT = iphoneos;
				SWIFT_COMPILATION_MODE = wholemodule;
				SWIFT_OPTIMIZATION_LEVEL = "-O";
				VALIDATE_PRODUCT = YES;
			};
			name = Release;
		};
		570D042221D75B6C00E0DCFB /* Debug */ = {
			isa = XCBuildConfiguration;
			baseConfigurationReference = 2EA283D635D3FF6E623D7121 /* Pods-RxMVVMDemo.debug.xcconfig */;
			buildSettings = {
				ASSETCATALOG_COMPILER_APPICON_NAME = AppIcon;
				CODE_SIGN_STYLE = Manual;
				DEVELOPMENT_TEAM = "";
				INFOPLIST_FILE = "$(SRCROOT)/Info.plist";
				IPHONEOS_DEPLOYMENT_TARGET = 11.0;
				LD_RUNPATH_SEARCH_PATHS = (
					"$(inherited)",
					"@executable_path/Frameworks",
				);
				PRODUCT_BUNDLE_IDENTIFIER = com.victor.RxMVVMDemo;
				PRODUCT_NAME = "$(TARGET_NAME)";
				PROVISIONING_PROFILE_SPECIFIER = "";
				SWIFT_VERSION = 4.2;
				TARGETED_DEVICE_FAMILY = "1,2";
			};
			name = Debug;
		};
		570D042321D75B6C00E0DCFB /* Release */ = {
			isa = XCBuildConfiguration;
			baseConfigurationReference = 3C1AB7088E8C34C1A2C6AFA9 /* Pods-RxMVVMDemo.release.xcconfig */;
			buildSettings = {
				ASSETCATALOG_COMPILER_APPICON_NAME = AppIcon;
				CODE_SIGN_STYLE = Manual;
				DEVELOPMENT_TEAM = "";
				INFOPLIST_FILE = "$(SRCROOT)/Info.plist";
				IPHONEOS_DEPLOYMENT_TARGET = 11.0;
				LD_RUNPATH_SEARCH_PATHS = (
					"$(inherited)",
					"@executable_path/Frameworks",
				);
				PRODUCT_BUNDLE_IDENTIFIER = com.victor.RxMVVMDemo;
				PRODUCT_NAME = "$(TARGET_NAME)";
				PROVISIONING_PROFILE_SPECIFIER = "";
				SWIFT_VERSION = 4.2;
				TARGETED_DEVICE_FAMILY = "1,2";
			};
			name = Release;
		};
/* End XCBuildConfiguration section */

/* Begin XCConfigurationList section */
		570D040A21D75B6900E0DCFB /* Build configuration list for PBXProject "RxMVVMDemo" */ = {
			isa = XCConfigurationList;
			buildConfigurations = (
				570D041F21D75B6C00E0DCFB /* Debug */,
				570D042021D75B6C00E0DCFB /* Release */,
			);
			defaultConfigurationIsVisible = 0;
			defaultConfigurationName = Release;
		};
		570D042121D75B6C00E0DCFB /* Build configuration list for PBXNativeTarget "RxMVVMDemo" */ = {
			isa = XCConfigurationList;
			buildConfigurations = (
				570D042221D75B6C00E0DCFB /* Debug */,
				570D042321D75B6C00E0DCFB /* Release */,
			);
			defaultConfigurationIsVisible = 0;
			defaultConfigurationName = Release;
		};
/* End XCConfigurationList section */
	};
	rootObject = 570D040721D75B6900E0DCFB /* Project object */;
}
